
Microsoft Visual Studio Solution File, Format Version 12.00
# Visual Studio Version 17
VisualStudioVersion = 17.11.35312.102
MinimumVisualStudioVersion = 10.0.40219.1
Project("{FAE04EC0-301F-11D3-BF4B-00C04F79EFBC}") = "task-dotnet-app", "task-dotnet-app.csproj", "{89DF26B0-3210-4D51-9458-874FF5B964D8}"
EndProject
Global
	GlobalSection(SolutionConfigurationPlatforms) = preSolution
		Debug|Any CPU = Debug|Any CPU
		Release|Any CPU = Release|Any CPU
	EndGlobalSection
	GlobalSection(ProjectConfigurationPlatforms) = postSolution
		{89DF26B0-3210-4D51-9458-874FF5B964D8}.Debug|Any CPU.ActiveCfg = Debug|Any CPU
		{89DF26B0-3210-4D51-9458-874FF5B964D8}.Debug|Any CPU.Build.0 = Debug|Any CPU
		{89DF26B0-3210-4D51-9458-874FF5B964D8}.Release|Any CPU.ActiveCfg = Release|Any CPU
		{89DF26B0-3210-4D51-9458-874FF5B964D8}.Release|Any CPU.Build.0 = Release|Any CPU
	EndGlobalSection
	GlobalSection(SolutionProperties) = preSolution
		HideSolutionNode = FALSE
	EndGlobalSection
	GlobalSection(ExtensibilityGlobals) = postSolution
		SolutionGuid = {997FD721-3497-4903-844B-ADF62D726FBC}
	EndGlobalSection
EndGlobal
